
Microsoft Visual Studio Solution File, Format Version 12.00
# Visual Studio Version 17
VisualStudioVersion = 17.0.32126.317
MinimumVisualStudioVersion = 10.0.40219.1
Project("{FAE04EC0-301F-11D3-BF4B-00C04F79EFBC}") = "TupleinCSharp7.0", "Tuple in CSharp 7.0\TupleinCSharp7.0.csproj", "{6783F833-9806-4680-B964-78A39A0E45D0}"
EndProject
Global
	GlobalSection(SolutionConfigurationPlatforms) = preSolution
		Debug|Any CPU = Debug|Any CPU
		Release|Any CPU = Release|Any CPU
	EndGlobalSection
	GlobalSection(ProjectConfigurationPlatforms) = postSolution
		{6783F833-9806-4680-B964-78A39A0E45D0}.Debug|Any CPU.ActiveCfg = Debug|Any CPU
		{6783F833-9806-4680-B964-78A39A0E45D0}.Debug|Any CPU.Build.0 = Debug|Any CPU
		{6783F833-9806-4680-B964-78A39A0E45D0}.Release|Any CPU.ActiveCfg = Release|Any CPU
		{6783F833-9806-4680-B964-78A39A0E45D0}.Release|Any CPU.Build.0 = Release|Any CPU
	EndGlobalSection
	GlobalSection(SolutionProperties) = preSolution
		HideSolutionNode = FALSE
	EndGlobalSection
	GlobalSection(ExtensibilityGlobals) = postSolution
		SolutionGuid = {CCFEE11A-AF08-42E5-AB8B-313224E8FD77}
	EndGlobalSection
EndGlobal
